
Microsoft Visual Studio Solution File, Format Version 12.00
Project("{FAE04EC0-301F-11D3-BF4B-00C04F79EFBC}") = "Bootstrap", "Bootstrap\Bootstrap.csproj", "{40D7B17D-784C-4CE2-851C-2CB8AE3360AF}"
EndProject
Project("{FAE04EC0-301F-11D3-BF4B-00C04F79EFBC}") = "Bootstrap.AspNetCore", "Bootstrap.AspNetCore\Bootstrap.AspNetCore.csproj", "{537D9060-AC28-4439-9E1A-9FDCB6023CA1}"
EndProject
Project("{FAE04EC0-301F-11D3-BF4B-00C04F79EFBC}") = "DelegateBootstrap", "Examples\DelegateBootstrap\DelegateBootstrap.csproj", "{DD06BFAA-B5A8-437E-B46C-9F65C1C11A9C}"
EndProject
Project("{2150E333-8FDC-42A3-9474-1A3956D46DE8}") = "Examples", "Examples", "{A16A5FA2-E2AF-4D50-9536-989677B368C1}"
EndProject
Global
	GlobalSection(SolutionConfigurationPlatforms) = preSolution
		Debug|Any CPU = Debug|Any CPU
		Release|Any CPU = Release|Any CPU
	EndGlobalSection
	GlobalSection(ProjectConfigurationPlatforms) = postSolution
		{40D7B17D-784C-4CE2-851C-2CB8AE3360AF}.Debug|Any CPU.ActiveCfg = Debug|Any CPU
		{40D7B17D-784C-4CE2-851C-2CB8AE3360AF}.Debug|Any CPU.Build.0 = Debug|Any CPU
		{40D7B17D-784C-4CE2-851C-2CB8AE3360AF}.Release|Any CPU.ActiveCfg = Release|Any CPU
		{40D7B17D-784C-4CE2-851C-2CB8AE3360AF}.Release|Any CPU.Build.0 = Release|Any CPU
		{537D9060-AC28-4439-9E1A-9FDCB6023CA1}.Debug|Any CPU.ActiveCfg = Debug|Any CPU
		{537D9060-AC28-4439-9E1A-9FDCB6023CA1}.Debug|Any CPU.Build.0 = Debug|Any CPU
		{537D9060-AC28-4439-9E1A-9FDCB6023CA1}.Release|Any CPU.ActiveCfg = Release|Any CPU
		{537D9060-AC28-4439-9E1A-9FDCB6023CA1}.Release|Any CPU.Build.0 = Release|Any CPU
		{DD06BFAA-B5A8-437E-B46C-9F65C1C11A9C}.Debug|Any CPU.ActiveCfg = Debug|Any CPU
		{DD06BFAA-B5A8-437E-B46C-9F65C1C11A9C}.Debug|Any CPU.Build.0 = Debug|Any CPU
		{DD06BFAA-B5A8-437E-B46C-9F65C1C11A9C}.Release|Any CPU.ActiveCfg = Release|Any CPU
		{DD06BFAA-B5A8-437E-B46C-9F65C1C11A9C}.Release|Any CPU.Build.0 = Release|Any CPU
	EndGlobalSection
	GlobalSection(NestedProjects) = preSolution
		{DD06BFAA-B5A8-437E-B46C-9F65C1C11A9C} = {A16A5FA2-E2AF-4D50-9536-989677B368C1}
	EndGlobalSection
EndGlobal
